
Microsoft Visual Studio Solution File, Format Version 12.00
# Visual Studio Version 16
VisualStudioVersion = 16.0.29911.84
MinimumVisualStudioVersion = 10.0.40219.1
Project("{FAE04EC0-301F-11D3-BF4B-00C04F79EFBC}") = "InspectionBoard", "InspectionBoard\InspectionBoard.csproj", "{BBF9E5EB-D641-4F2F-B775-8FEC4522EF46}"
EndProject
Project("{FAE04EC0-301F-11D3-BF4B-00C04F79EFBC}") = "Workspace", "Workspace\Workspace.csproj", "{FECF048A-5186-44AA-9B75-DC21CF0F3BA7}"
EndProject
Project("{FAE04EC0-301F-11D3-BF4B-00C04F79EFBC}") = "Authorization", "Authorization\Authorization.csproj", "{F97C7026-69F4-41FB-9B89-E93E90EBCE79}"
EndProject
Project("{FAE04EC0-301F-11D3-BF4B-00C04F79EFBC}") = "InspectionBoardLibrary", "InspectionBoardLibrary\InspectionBoardLibrary.csproj", "{A9F67D85-1F10-42D9-A636-F59DAC16B710}"
EndProject
Project("{FAE04EC0-301F-11D3-BF4B-00C04F79EFBC}") = "Documentation", "Documentation\Documentation.csproj", "{48E29DBB-AD38-49A3-AE8A-A5083ACB86F4}"
EndProject
Global
	GlobalSection(SolutionConfigurationPlatforms) = preSolution
		Debug|Any CPU = Debug|Any CPU
		Release|Any CPU = Release|Any CPU
	EndGlobalSection
	GlobalSection(ProjectConfigurationPlatforms) = postSolution
		{BBF9E5EB-D641-4F2F-B775-8FEC4522EF46}.Debug|Any CPU.ActiveCfg = Debug|Any CPU
		{BBF9E5EB-D641-4F2F-B775-8FEC4522EF46}.Debug|Any CPU.Build.0 = Debug|Any CPU
		{BBF9E5EB-D641-4F2F-B775-8FEC4522EF46}.Release|Any CPU.ActiveCfg = Release|Any CPU
		{BBF9E5EB-D641-4F2F-B775-8FEC4522EF46}.Release|Any CPU.Build.0 = Release|Any CPU
		{FECF048A-5186-44AA-9B75-DC21CF0F3BA7}.Debug|Any CPU.ActiveCfg = Debug|Any CPU
		{FECF048A-5186-44AA-9B75-DC21CF0F3BA7}.Debug|Any CPU.Build.0 = Debug|Any CPU
		{FECF048A-5186-44AA-9B75-DC21CF0F3BA7}.Release|Any CPU.ActiveCfg = Release|Any CPU
		{FECF048A-5186-44AA-9B75-DC21CF0F3BA7}.Release|Any CPU.Build.0 = Release|Any CPU
		{F97C7026-69F4-41FB-9B89-E93E90EBCE79}.Debug|Any CPU.ActiveCfg = Debug|Any CPU
		{F97C7026-69F4-41FB-9B89-E93E90EBCE79}.Debug|Any CPU.Build.0 = Debug|Any CPU
		{F97C7026-69F4-41FB-9B89-E93E90EBCE79}.Release|Any CPU.ActiveCfg = Release|Any CPU
		{F97C7026-69F4-41FB-9B89-E93E90EBCE79}.Release|Any CPU.Build.0 = Release|Any CPU
		{A9F67D85-1F10-42D9-A636-F59DAC16B710}.Debug|Any CPU.ActiveCfg = Debug|Any CPU
		{A9F67D85-1F10-42D9-A636-F59DAC16B710}.Debug|Any CPU.Build.0 = Debug|Any CPU
		{A9F67D85-1F10-42D9-A636-F59DAC16B710}.Release|Any CPU.ActiveCfg = Release|Any CPU
		{A9F67D85-1F10-42D9-A636-F59DAC16B710}.Release|Any CPU.Build.0 = Release|Any CPU
		{48E29DBB-AD38-49A3-AE8A-A5083ACB86F4}.Debug|Any CPU.ActiveCfg = Debug|Any CPU
		{48E29DBB-AD38-49A3-AE8A-A5083ACB86F4}.Debug|Any CPU.Build.0 = Debug|Any CPU
		{48E29DBB-AD38-49A3-AE8A-A5083ACB86F4}.Release|Any CPU.ActiveCfg = Release|Any CPU
		{48E29DBB-AD38-49A3-AE8A-A5083ACB86F4}.Release|Any CPU.Build.0 = Release|Any CPU
	EndGlobalSection
	GlobalSection(SolutionProperties) = preSolution
		HideSolutionNode = FALSE
	EndGlobalSection
	GlobalSection(ExtensibilityGlobals) = postSolution
		SolutionGuid = {B98E5C33-7DB9-4652-B32B-DC2C9824170E}
	EndGlobalSection
EndGlobal
